
Microsoft Visual Studio Solution File, Format Version 12.00
# Visual Studio Version 17
VisualStudioVersion = 17.8.34330.188
MinimumVisualStudioVersion = 10.0.40219.1
Project("{FAE04EC0-301F-11D3-BF4B-00C04F79EFBC}") = "OGL", "OGL.csproj", "{96DF1F46-7119-469A-A9D7-1BF6D5FE63D7}"
EndProject
Global
	GlobalSection(SolutionConfigurationPlatforms) = preSolution
		Debug|Any CPU = Debug|Any CPU
		Release|Any CPU = Release|Any CPU
	EndGlobalSection
	GlobalSection(ProjectConfigurationPlatforms) = postSolution
		{96DF1F46-7119-469A-A9D7-1BF6D5FE63D7}.Debug|Any CPU.ActiveCfg = Debug|Any CPU
		{96DF1F46-7119-469A-A9D7-1BF6D5FE63D7}.Debug|Any CPU.Build.0 = Debug|Any CPU
		{96DF1F46-7119-469A-A9D7-1BF6D5FE63D7}.Release|Any CPU.ActiveCfg = Release|Any CPU
		{96DF1F46-7119-469A-A9D7-1BF6D5FE63D7}.Release|Any CPU.Build.0 = Release|Any CPU
	EndGlobalSection
	GlobalSection(SolutionProperties) = preSolution
		HideSolutionNode = FALSE
	EndGlobalSection
	GlobalSection(ExtensibilityGlobals) = postSolution
		SolutionGuid = {33BAE06B-3E41-41D2-99E9-7E1D0441871A}
	EndGlobalSection
EndGlobal
